
Microsoft Visual Studio Solution File, Format Version 12.00
# Visual Studio Version 17
VisualStudioVersion = 17.11.35222.181
MinimumVisualStudioVersion = 10.0.40219.1
Project("{9A19103F-16F7-4668-BE54-9A1E7A4F7556}") = "TiposDados1", "TiposDados1\TiposDados1.csproj", "{AE8BACCF-7823-45E0-88C7-D8ADC7AA5338}"
EndProject
Project("{9A19103F-16F7-4668-BE54-9A1E7A4F7556}") = "TiposDados2", "TiposDados2\TiposDados2.csproj", "{88EA1420-F58C-4CA0-8293-DA6B7FE80EB9}"
EndProject
Project("{9A19103F-16F7-4668-BE54-9A1E7A4F7556}") = "TiposDados3", "TiposDados3\TiposDados3.csproj", "{283A6D85-D78B-49B2-BED2-FE54CD8AAB88}"
EndProject
Project("{9A19103F-16F7-4668-BE54-9A1E7A4F7556}") = "TiposDados4", "TiposDados4\TiposDados4.csproj", "{6815546B-DB6E-4E36-BF49-D5E360366A73}"
EndProject
Project("{9A19103F-16F7-4668-BE54-9A1E7A4F7556}") = "TipoDateTime1", "TipoDateTime1\TipoDateTime1.csproj", "{AF4AFD7A-F235-4739-B4C5-73D02AB56F01}"
EndProject
Project("{9A19103F-16F7-4668-BE54-9A1E7A4F7556}") = "NullableTypes1", "NullableTypes1\NullableTypes1.csproj", "{FB8CAE10-29A0-4661-A5DE-1BF1905E0B49}"
EndProject
Project("{9A19103F-16F7-4668-BE54-9A1E7A4F7556}") = "Identificadores", "Identificadores\Identificadores.csproj", "{B57EB59E-20A3-474B-B5FF-81D410852CDD}"
EndProject
Project("{9A19103F-16F7-4668-BE54-9A1E7A4F7556}") = "ExerciciosFase1", "ExerciciosFase1\ExerciciosFase1.csproj", "{753DCE4A-C3A2-48F4-B42A-7DE7A822120A}"
EndProject
Project("{9A19103F-16F7-4668-BE54-9A1E7A4F7556}") = "SaidaDeDados", "SaidaDeDados\SaidaDeDados.csproj", "{6474B3D0-D45E-4FE6-BE4E-C5EB2CAD93E6}"
EndProject
Project("{9A19103F-16F7-4668-BE54-9A1E7A4F7556}") = "SaidaDeDados2", "SaidaDeDados2\SaidaDeDados2.csproj", "{FFC4E49D-F2BA-4216-8D7C-133328BD751E}"
EndProject
Project("{9A19103F-16F7-4668-BE54-9A1E7A4F7556}") = "ConversaoTipos1", "ConversaoTipos1\ConversaoTipos1.csproj", "{127AA578-C29F-4E59-A29C-570C39122644}"
EndProject
Project("{9A19103F-16F7-4668-BE54-9A1E7A4F7556}") = "EntradaDeDados1", "EntradaDeDados1\EntradaDeDados1.csproj", "{EDD4A701-F5F2-4D8A-8197-CE737C9A08C4}"
EndProject
Project("{9A19103F-16F7-4668-BE54-9A1E7A4F7556}") = "OperadoresAritmeticos", "OperadoresAritmeticos\OperadoresAritmeticos.csproj", "{BF43B283-2962-4022-BF34-3776DF7B5F8F}"
EndProject
Project("{2150E333-8FDC-42A3-9474-1A3956D46DE8}") = "Fundamentais", "Fundamentais", "{D7F53B42-8AC3-4037-9B61-1ECCDBF0F154}"
EndProject
Project("{9A19103F-16F7-4668-BE54-9A1E7A4F7556}") = "InferenciaTipos1", "InferenciaTipos1\InferenciaTipos1.csproj", "{A86233F0-4F89-4B81-A8A6-8C25CE93D2FC}"
EndProject
Project("{9A19103F-16F7-4668-BE54-9A1E7A4F7556}") = "OperadoresAtribuicao1", "OperadoresAtribuicao1\OperadoresAtribuicao1.csproj", "{85D099A5-179C-4BB1-A554-88099C47CE5B}"
EndProject
Project("{9A19103F-16F7-4668-BE54-9A1E7A4F7556}") = "Constantes1", "Constantes1\Constantes1.csproj", "{CF6550A6-76ED-48AA-BD22-FF53DA405338}"
EndProject
Project("{9A19103F-16F7-4668-BE54-9A1E7A4F7556}") = "OperadoresIncrementoDecremento1", "OperadoresIncrementoDecremento1\OperadoresIncrementoDecremento1.csproj", "{E7ED0DF5-E8C5-4C33-BC79-7A84BB24442A}"
EndProject
Project("{9A19103F-16F7-4668-BE54-9A1E7A4F7556}") = "OperadoresRelacionais1", "OperadoresRelacionais1\OperadoresRelacionais1.csproj", "{63D99AB0-1257-4E00-BFF0-D0AF3D4D319E}"
EndProject
Project("{9A19103F-16F7-4668-BE54-9A1E7A4F7556}") = "OperadoresLogicos1", "OperadoresLogicos1\OperadoresLogicos1.csproj", "{59991A85-4DBB-4494-B6CD-3EE001EED786}"
EndProject
Project("{9A19103F-16F7-4668-BE54-9A1E7A4F7556}") = "PrecedenciaOperadores1", "PrecedenciaOperadores1\PrecedenciaOperadores1.csproj", "{4778699B-238C-4FE5-B068-AA4A302EC44A}"
EndProject
Project("{9A19103F-16F7-4668-BE54-9A1E7A4F7556}") = "TiposReferenciaAnulaveis1", "TiposReferenciaAnulaveis1\TiposReferenciaAnulaveis1.csproj", "{3AF92386-BA39-45F9-8E7B-F197BCA9AB46}"
EndProject
Project("{9A19103F-16F7-4668-BE54-9A1E7A4F7556}") = "OperadorUniarioTernario1", "OperadorUniarioTernario1\OperadorUniarioTernario1.csproj", "{9BDE7268-839C-4706-B695-BA9924B548D7}"
EndProject
Project("{9A19103F-16F7-4668-BE54-9A1E7A4F7556}") = "ExerciciosFase2", "ExerciciosFase2\ExerciciosFase2.csproj", "{4AFE037F-CCCF-4093-A879-CF8D266DF58C}"
EndProject
Project("{2150E333-8FDC-42A3-9474-1A3956D46DE8}") = "Teste", "Teste", "{B0CB4960-B736-4D34-BE07-BC5C535D56A5}"
EndProject
Global
	GlobalSection(SolutionConfigurationPlatforms) = preSolution
		Debug|Any CPU = Debug|Any CPU
		Release|Any CPU = Release|Any CPU
	EndGlobalSection
	GlobalSection(ProjectConfigurationPlatforms) = postSolution
		{AE8BACCF-7823-45E0-88C7-D8ADC7AA5338}.Debug|Any CPU.ActiveCfg = Debug|Any CPU
		{AE8BACCF-7823-45E0-88C7-D8ADC7AA5338}.Debug|Any CPU.Build.0 = Debug|Any CPU
		{AE8BACCF-7823-45E0-88C7-D8ADC7AA5338}.Release|Any CPU.ActiveCfg = Release|Any CPU
		{AE8BACCF-7823-45E0-88C7-D8ADC7AA5338}.Release|Any CPU.Build.0 = Release|Any CPU
		{88EA1420-F58C-4CA0-8293-DA6B7FE80EB9}.Debug|Any CPU.ActiveCfg = Debug|Any CPU
		{88EA1420-F58C-4CA0-8293-DA6B7FE80EB9}.Debug|Any CPU.Build.0 = Debug|Any CPU
		{88EA1420-F58C-4CA0-8293-DA6B7FE80EB9}.Release|Any CPU.ActiveCfg = Release|Any CPU
		{88EA1420-F58C-4CA0-8293-DA6B7FE80EB9}.Release|Any CPU.Build.0 = Release|Any CPU
		{283A6D85-D78B-49B2-BED2-FE54CD8AAB88}.Debug|Any CPU.ActiveCfg = Debug|Any CPU
		{283A6D85-D78B-49B2-BED2-FE54CD8AAB88}.Debug|Any CPU.Build.0 = Debug|Any CPU
		{283A6D85-D78B-49B2-BED2-FE54CD8AAB88}.Release|Any CPU.ActiveCfg = Release|Any CPU
		{283A6D85-D78B-49B2-BED2-FE54CD8AAB88}.Release|Any CPU.Build.0 = Release|Any CPU
		{6815546B-DB6E-4E36-BF49-D5E360366A73}.Debug|Any CPU.ActiveCfg = Debug|Any CPU
		{6815546B-DB6E-4E36-BF49-D5E360366A73}.Debug|Any CPU.Build.0 = Debug|Any CPU
		{6815546B-DB6E-4E36-BF49-D5E360366A73}.Release|Any CPU.ActiveCfg = Release|Any CPU
		{6815546B-DB6E-4E36-BF49-D5E360366A73}.Release|Any CPU.Build.0 = Release|Any CPU
		{AF4AFD7A-F235-4739-B4C5-73D02AB56F01}.Debug|Any CPU.ActiveCfg = Debug|Any CPU
		{AF4AFD7A-F235-4739-B4C5-73D02AB56F01}.Debug|Any CPU.Build.0 = Debug|Any CPU
		{AF4AFD7A-F235-4739-B4C5-73D02AB56F01}.Release|Any CPU.ActiveCfg = Release|Any CPU
		{AF4AFD7A-F235-4739-B4C5-73D02AB56F01}.Release|Any CPU.Build.0 = Release|Any CPU
		{FB8CAE10-29A0-4661-A5DE-1BF1905E0B49}.Debug|Any CPU.ActiveCfg = Debug|Any CPU
		{FB8CAE10-29A0-4661-A5DE-1BF1905E0B49}.Debug|Any CPU.Build.0 = Debug|Any CPU
		{FB8CAE10-29A0-4661-A5DE-1BF1905E0B49}.Release|Any CPU.ActiveCfg = Release|Any CPU
		{FB8CAE10-29A0-4661-A5DE-1BF1905E0B49}.Release|Any CPU.Build.0 = Release|Any CPU
		{B57EB59E-20A3-474B-B5FF-81D410852CDD}.Debug|Any CPU.ActiveCfg = Debug|Any CPU
		{B57EB59E-20A3-474B-B5FF-81D410852CDD}.Debug|Any CPU.Build.0 = Debug|Any CPU
		{B57EB59E-20A3-474B-B5FF-81D410852CDD}.Release|Any CPU.ActiveCfg = Release|Any CPU
		{B57EB59E-20A3-474B-B5FF-81D410852CDD}.Release|Any CPU.Build.0 = Release|Any CPU
		{753DCE4A-C3A2-48F4-B42A-7DE7A822120A}.Debug|Any CPU.ActiveCfg = Debug|Any CPU
		{753DCE4A-C3A2-48F4-B42A-7DE7A822120A}.Debug|Any CPU.Build.0 = Debug|Any CPU
		{753DCE4A-C3A2-48F4-B42A-7DE7A822120A}.Release|Any CPU.ActiveCfg = Release|Any CPU
		{753DCE4A-C3A2-48F4-B42A-7DE7A822120A}.Release|Any CPU.Build.0 = Release|Any CPU
		{6474B3D0-D45E-4FE6-BE4E-C5EB2CAD93E6}.Debug|Any CPU.ActiveCfg = Debug|Any CPU
		{6474B3D0-D45E-4FE6-BE4E-C5EB2CAD93E6}.Debug|Any CPU.Build.0 = Debug|Any CPU
		{6474B3D0-D45E-4FE6-BE4E-C5EB2CAD93E6}.Release|Any CPU.ActiveCfg = Release|Any CPU
		{6474B3D0-D45E-4FE6-BE4E-C5EB2CAD93E6}.Release|Any CPU.Build.0 = Release|Any CPU
		{FFC4E49D-F2BA-4216-8D7C-133328BD751E}.Debug|Any CPU.ActiveCfg = Debug|Any CPU
		{FFC4E49D-F2BA-4216-8D7C-133328BD751E}.Debug|Any CPU.Build.0 = Debug|Any CPU
		{FFC4E49D-F2BA-4216-8D7C-133328BD751E}.Release|Any CPU.ActiveCfg = Release|Any CPU
		{FFC4E49D-F2BA-4216-8D7C-133328BD751E}.Release|Any CPU.Build.0 = Release|Any CPU
		{127AA578-C29F-4E59-A29C-570C39122644}.Debug|Any CPU.ActiveCfg = Debug|Any CPU
		{127AA578-C29F-4E59-A29C-570C39122644}.Debug|Any CPU.Build.0 = Debug|Any CPU
		{127AA578-C29F-4E59-A29C-570C39122644}.Release|Any CPU.ActiveCfg = Release|Any CPU
		{127AA578-C29F-4E59-A29C-570C39122644}.Release|Any CPU.Build.0 = Release|Any CPU
		{EDD4A701-F5F2-4D8A-8197-CE737C9A08C4}.Debug|Any CPU.ActiveCfg = Debug|Any CPU
		{EDD4A701-F5F2-4D8A-8197-CE737C9A08C4}.Debug|Any CPU.Build.0 = Debug|Any CPU
		{EDD4A701-F5F2-4D8A-8197-CE737C9A08C4}.Release|Any CPU.ActiveCfg = Release|Any CPU
		{EDD4A701-F5F2-4D8A-8197-CE737C9A08C4}.Release|Any CPU.Build.0 = Release|Any CPU
		{BF43B283-2962-4022-BF34-3776DF7B5F8F}.Debug|Any CPU.ActiveCfg = Debug|Any CPU
		{BF43B283-2962-4022-BF34-3776DF7B5F8F}.Debug|Any CPU.Build.0 = Debug|Any CPU
		{BF43B283-2962-4022-BF34-3776DF7B5F8F}.Release|Any CPU.ActiveCfg = Release|Any CPU
		{BF43B283-2962-4022-BF34-3776DF7B5F8F}.Release|Any CPU.Build.0 = Release|Any CPU
		{A86233F0-4F89-4B81-A8A6-8C25CE93D2FC}.Debug|Any CPU.ActiveCfg = Debug|Any CPU
		{A86233F0-4F89-4B81-A8A6-8C25CE93D2FC}.Debug|Any CPU.Build.0 = Debug|Any CPU
		{A86233F0-4F89-4B81-A8A6-8C25CE93D2FC}.Release|Any CPU.ActiveCfg = Release|Any CPU
		{A86233F0-4F89-4B81-A8A6-8C25CE93D2FC}.Release|Any CPU.Build.0 = Release|Any CPU
		{85D099A5-179C-4BB1-A554-88099C47CE5B}.Debug|Any CPU.ActiveCfg = Debug|Any CPU
		{85D099A5-179C-4BB1-A554-88099C47CE5B}.Debug|Any CPU.Build.0 = Debug|Any CPU
		{85D099A5-179C-4BB1-A554-88099C47CE5B}.Release|Any CPU.ActiveCfg = Release|Any CPU
		{85D099A5-179C-4BB1-A554-88099C47CE5B}.Release|Any CPU.Build.0 = Release|Any CPU
		{CF6550A6-76ED-48AA-BD22-FF53DA405338}.Debug|Any CPU.ActiveCfg = Debug|Any CPU
		{CF6550A6-76ED-48AA-BD22-FF53DA405338}.Debug|Any CPU.Build.0 = Debug|Any CPU
		{CF6550A6-76ED-48AA-BD22-FF53DA405338}.Release|Any CPU.ActiveCfg = Release|Any CPU
		{CF6550A6-76ED-48AA-BD22-FF53DA405338}.Release|Any CPU.Build.0 = Release|Any CPU
		{E7ED0DF5-E8C5-4C33-BC79-7A84BB24442A}.Debug|Any CPU.ActiveCfg = Debug|Any CPU
		{E7ED0DF5-E8C5-4C33-BC79-7A84BB24442A}.Debug|Any CPU.Build.0 = Debug|Any CPU
		{E7ED0DF5-E8C5-4C33-BC79-7A84BB24442A}.Release|Any CPU.ActiveCfg = Release|Any CPU
		{E7ED0DF5-E8C5-4C33-BC79-7A84BB24442A}.Release|Any CPU.Build.0 = Release|Any CPU
		{63D99AB0-1257-4E00-BFF0-D0AF3D4D319E}.Debug|Any CPU.ActiveCfg = Debug|Any CPU
		{63D99AB0-1257-4E00-BFF0-D0AF3D4D319E}.Debug|Any CPU.Build.0 = Debug|Any CPU
		{63D99AB0-1257-4E00-BFF0-D0AF3D4D319E}.Release|Any CPU.ActiveCfg = Release|Any CPU
		{63D99AB0-1257-4E00-BFF0-D0AF3D4D319E}.Release|Any CPU.Build.0 = Release|Any CPU
		{59991A85-4DBB-4494-B6CD-3EE001EED786}.Debug|Any CPU.ActiveCfg = Debug|Any CPU
		{59991A85-4DBB-4494-B6CD-3EE001EED786}.Debug|Any CPU.Build.0 = Debug|Any CPU
		{59991A85-4DBB-4494-B6CD-3EE001EED786}.Release|Any CPU.ActiveCfg = Release|Any CPU
		{59991A85-4DBB-4494-B6CD-3EE001EED786}.Release|Any CPU.Build.0 = Release|Any CPU
		{4778699B-238C-4FE5-B068-AA4A302EC44A}.Debug|Any CPU.ActiveCfg = Debug|Any CPU
		{4778699B-238C-4FE5-B068-AA4A302EC44A}.Debug|Any CPU.Build.0 = Debug|Any CPU
		{4778699B-238C-4FE5-B068-AA4A302EC44A}.Release|Any CPU.ActiveCfg = Release|Any CPU
		{4778699B-238C-4FE5-B068-AA4A302EC44A}.Release|Any CPU.Build.0 = Release|Any CPU
		{3AF92386-BA39-45F9-8E7B-F197BCA9AB46}.Debug|Any CPU.ActiveCfg = Debug|Any CPU
		{3AF92386-BA39-45F9-8E7B-F197BCA9AB46}.Debug|Any CPU.Build.0 = Debug|Any CPU
		{3AF92386-BA39-45F9-8E7B-F197BCA9AB46}.Release|Any CPU.ActiveCfg = Release|Any CPU
		{3AF92386-BA39-45F9-8E7B-F197BCA9AB46}.Release|Any CPU.Build.0 = Release|Any CPU
		{9BDE7268-839C-4706-B695-BA9924B548D7}.Debug|Any CPU.ActiveCfg = Debug|Any CPU
		{9BDE7268-839C-4706-B695-BA9924B548D7}.Debug|Any CPU.Build.0 = Debug|Any CPU
		{9BDE7268-839C-4706-B695-BA9924B548D7}.Release|Any CPU.ActiveCfg = Release|Any CPU
		{9BDE7268-839C-4706-B695-BA9924B548D7}.Release|Any CPU.Build.0 = Release|Any CPU
		{4AFE037F-CCCF-4093-A879-CF8D266DF58C}.Debug|Any CPU.ActiveCfg = Debug|Any CPU
		{4AFE037F-CCCF-4093-A879-CF8D266DF58C}.Debug|Any CPU.Build.0 = Debug|Any CPU
		{4AFE037F-CCCF-4093-A879-CF8D266DF58C}.Release|Any CPU.ActiveCfg = Release|Any CPU
		{4AFE037F-CCCF-4093-A879-CF8D266DF58C}.Release|Any CPU.Build.0 = Release|Any CPU
	EndGlobalSection
	GlobalSection(SolutionProperties) = preSolution
		HideSolutionNode = FALSE
	EndGlobalSection
	GlobalSection(NestedProjects) = preSolution
		{AE8BACCF-7823-45E0-88C7-D8ADC7AA5338} = {B0CB4960-B736-4D34-BE07-BC5C535D56A5}
		{88EA1420-F58C-4CA0-8293-DA6B7FE80EB9} = {B0CB4960-B736-4D34-BE07-BC5C535D56A5}
		{283A6D85-D78B-49B2-BED2-FE54CD8AAB88} = {B0CB4960-B736-4D34-BE07-BC5C535D56A5}
		{6815546B-DB6E-4E36-BF49-D5E360366A73} = {B0CB4960-B736-4D34-BE07-BC5C535D56A5}
		{AF4AFD7A-F235-4739-B4C5-73D02AB56F01} = {B0CB4960-B736-4D34-BE07-BC5C535D56A5}
		{FB8CAE10-29A0-4661-A5DE-1BF1905E0B49} = {B0CB4960-B736-4D34-BE07-BC5C535D56A5}
		{B57EB59E-20A3-474B-B5FF-81D410852CDD} = {B0CB4960-B736-4D34-BE07-BC5C535D56A5}
		{753DCE4A-C3A2-48F4-B42A-7DE7A822120A} = {B0CB4960-B736-4D34-BE07-BC5C535D56A5}
		{6474B3D0-D45E-4FE6-BE4E-C5EB2CAD93E6} = {B0CB4960-B736-4D34-BE07-BC5C535D56A5}
		{FFC4E49D-F2BA-4216-8D7C-133328BD751E} = {B0CB4960-B736-4D34-BE07-BC5C535D56A5}
		{127AA578-C29F-4E59-A29C-570C39122644} = {B0CB4960-B736-4D34-BE07-BC5C535D56A5}
		{EDD4A701-F5F2-4D8A-8197-CE737C9A08C4} = {B0CB4960-B736-4D34-BE07-BC5C535D56A5}
		{BF43B283-2962-4022-BF34-3776DF7B5F8F} = {B0CB4960-B736-4D34-BE07-BC5C535D56A5}
		{A86233F0-4F89-4B81-A8A6-8C25CE93D2FC} = {B0CB4960-B736-4D34-BE07-BC5C535D56A5}
		{85D099A5-179C-4BB1-A554-88099C47CE5B} = {B0CB4960-B736-4D34-BE07-BC5C535D56A5}
		{CF6550A6-76ED-48AA-BD22-FF53DA405338} = {B0CB4960-B736-4D34-BE07-BC5C535D56A5}
		{E7ED0DF5-E8C5-4C33-BC79-7A84BB24442A} = {B0CB4960-B736-4D34-BE07-BC5C535D56A5}
		{63D99AB0-1257-4E00-BFF0-D0AF3D4D319E} = {B0CB4960-B736-4D34-BE07-BC5C535D56A5}
		{59991A85-4DBB-4494-B6CD-3EE001EED786} = {B0CB4960-B736-4D34-BE07-BC5C535D56A5}
		{4778699B-238C-4FE5-B068-AA4A302EC44A} = {B0CB4960-B736-4D34-BE07-BC5C535D56A5}
		{3AF92386-BA39-45F9-8E7B-F197BCA9AB46} = {B0CB4960-B736-4D34-BE07-BC5C535D56A5}
		{9BDE7268-839C-4706-B695-BA9924B548D7} = {B0CB4960-B736-4D34-BE07-BC5C535D56A5}
		{4AFE037F-CCCF-4093-A879-CF8D266DF58C} = {B0CB4960-B736-4D34-BE07-BC5C535D56A5}
		{B0CB4960-B736-4D34-BE07-BC5C535D56A5} = {D7F53B42-8AC3-4037-9B61-1ECCDBF0F154}
	EndGlobalSection
	GlobalSection(ExtensibilityGlobals) = postSolution
		SolutionGuid = {AFEB846C-3F1E-477D-823F-5B76B0570574}
	EndGlobalSection
EndGlobal
